# This file is autogenerated, do not edit; changes may be undone by the next 'dep ensure'.


[[projects]]
  digest = "1:61e6ef35acb2a56fc81819ff1addb0839003c9148e9f6726de01519f400fff8f"
  name = "github.com/gofrs/flock"
  packages = ["."]
  pruneopts = "UT"
  revision = "6caa7350c26b838538005fae7dbee4e69d9398db"
  version = "v0.7.3"

[[projects]]
  digest = "1:b7e1170c9ca47133ee444174fedec93c11e9bdcb3e1ade1c91e0b2c3b906b53b"
  name = "github.com/joncrlsn/dque"
  packages = ["."]
  pruneopts = "UT"
  revision = "74fd78bbd48840d0dfd7e2a480af0955f8e92c9f"
  version = "v2.2.0"

[[projects]]
  digest = "1:9e1d37b58d17113ec3cb5608ac0382313c5b59470b94ed97d0976e69c7022314"
  name = "github.com/pkg/errors"
  packages = ["."]
  pruneopts = "UT"
  revision = "614d223910a179a466c1767a985424175c39b465"
  version = "v0.9.1"

[solve-meta]
  analyzer-name = "dep"
  analyzer-version = 1
  input-imports = ["github.com/joncrlsn/dque"]
  solver-name = "gps-cdcl"
  solver-version = 1
